
Microsoft Visual Studio Solution File, Format Version 12.00
# Visual Studio 14
VisualStudioVersion = 14.0.23107.0
MinimumVisualStudioVersion = 10.0.40219.1
Project("{FAE04EC0-301F-11D3-BF4B-00C04F79EFBC}") = "VoceDirigente", "VoceDirigente\VoceDirigente.csproj", "{974FB20B-37F3-40EB-B6D4-90D17F58FE62}"
EndProject
Project("{FAE04EC0-301F-11D3-BF4B-00C04F79EFBC}") = "CriacaoDeBanco", "CriacaoDeBanco\CriacaoDeBanco.csproj", "{860D7168-CACF-49C8-9107-07FBE1EE3BF0}"
EndProject
Project("{FAE04EC0-301F-11D3-BF4B-00C04F79EFBC}") = "Dominio", "Dominio\Dominio.csproj", "{7DBD8288-4457-4F7F-8184-9CF5C145CEBB}"
EndProject
Project("{FAE04EC0-301F-11D3-BF4B-00C04F79EFBC}") = "Dominio.Testes", "Dominio.Testes\Dominio.Testes.csproj", "{67036FC7-D71A-4C7A-A3C7-04138EE8D889}"
EndProject
Project("{FAE04EC0-301F-11D3-BF4B-00C04F79EFBC}") = "Infra", "Infra\Infra.csproj", "{99F64475-E72B-4A52-93EF-012371723512}"
EndProject
Global
	GlobalSection(SolutionConfigurationPlatforms) = preSolution
		Debug|Any CPU = Debug|Any CPU
		Release|Any CPU = Release|Any CPU
		Staging|Any CPU = Staging|Any CPU
	EndGlobalSection
	GlobalSection(ProjectConfigurationPlatforms) = postSolution
		{974FB20B-37F3-40EB-B6D4-90D17F58FE62}.Debug|Any CPU.ActiveCfg = Debug|Any CPU
		{974FB20B-37F3-40EB-B6D4-90D17F58FE62}.Debug|Any CPU.Build.0 = Debug|Any CPU
		{974FB20B-37F3-40EB-B6D4-90D17F58FE62}.Release|Any CPU.ActiveCfg = Release|Any CPU
		{974FB20B-37F3-40EB-B6D4-90D17F58FE62}.Release|Any CPU.Build.0 = Release|Any CPU
		{974FB20B-37F3-40EB-B6D4-90D17F58FE62}.Staging|Any CPU.ActiveCfg = Release|Any CPU
		{974FB20B-37F3-40EB-B6D4-90D17F58FE62}.Staging|Any CPU.Build.0 = Release|Any CPU
		{860D7168-CACF-49C8-9107-07FBE1EE3BF0}.Debug|Any CPU.ActiveCfg = Debug|Any CPU
		{860D7168-CACF-49C8-9107-07FBE1EE3BF0}.Debug|Any CPU.Build.0 = Debug|Any CPU
		{860D7168-CACF-49C8-9107-07FBE1EE3BF0}.Release|Any CPU.ActiveCfg = Release|Any CPU
		{860D7168-CACF-49C8-9107-07FBE1EE3BF0}.Release|Any CPU.Build.0 = Release|Any CPU
		{860D7168-CACF-49C8-9107-07FBE1EE3BF0}.Staging|Any CPU.ActiveCfg = Staging|Any CPU
		{860D7168-CACF-49C8-9107-07FBE1EE3BF0}.Staging|Any CPU.Build.0 = Staging|Any CPU
		{7DBD8288-4457-4F7F-8184-9CF5C145CEBB}.Debug|Any CPU.ActiveCfg = Debug|Any CPU
		{7DBD8288-4457-4F7F-8184-9CF5C145CEBB}.Debug|Any CPU.Build.0 = Debug|Any CPU
		{7DBD8288-4457-4F7F-8184-9CF5C145CEBB}.Release|Any CPU.ActiveCfg = Release|Any CPU
		{7DBD8288-4457-4F7F-8184-9CF5C145CEBB}.Release|Any CPU.Build.0 = Release|Any CPU
		{7DBD8288-4457-4F7F-8184-9CF5C145CEBB}.Staging|Any CPU.ActiveCfg = Staging|Any CPU
		{7DBD8288-4457-4F7F-8184-9CF5C145CEBB}.Staging|Any CPU.Build.0 = Staging|Any CPU
		{67036FC7-D71A-4C7A-A3C7-04138EE8D889}.Debug|Any CPU.ActiveCfg = Debug|Any CPU
		{67036FC7-D71A-4C7A-A3C7-04138EE8D889}.Debug|Any CPU.Build.0 = Debug|Any CPU
		{67036FC7-D71A-4C7A-A3C7-04138EE8D889}.Release|Any CPU.ActiveCfg = Release|Any CPU
		{67036FC7-D71A-4C7A-A3C7-04138EE8D889}.Release|Any CPU.Build.0 = Release|Any CPU
		{67036FC7-D71A-4C7A-A3C7-04138EE8D889}.Staging|Any CPU.ActiveCfg = Staging|Any CPU
		{67036FC7-D71A-4C7A-A3C7-04138EE8D889}.Staging|Any CPU.Build.0 = Staging|Any CPU
		{99F64475-E72B-4A52-93EF-012371723512}.Debug|Any CPU.ActiveCfg = Debug|Any CPU
		{99F64475-E72B-4A52-93EF-012371723512}.Debug|Any CPU.Build.0 = Debug|Any CPU
		{99F64475-E72B-4A52-93EF-012371723512}.Release|Any CPU.ActiveCfg = Release|Any CPU
		{99F64475-E72B-4A52-93EF-012371723512}.Release|Any CPU.Build.0 = Release|Any CPU
		{99F64475-E72B-4A52-93EF-012371723512}.Staging|Any CPU.ActiveCfg = Staging|Any CPU
		{99F64475-E72B-4A52-93EF-012371723512}.Staging|Any CPU.Build.0 = Staging|Any CPU
	EndGlobalSection
	GlobalSection(SolutionProperties) = preSolution
		HideSolutionNode = FALSE
	EndGlobalSection
EndGlobal
